
Microsoft Visual Studio Solution File, Format Version 12.00
# Visual Studio Version 16
VisualStudioVersion = 16.0.29613.14
MinimumVisualStudioVersion = 10.0.40219.1
Project("{FAE04EC0-301F-11D3-BF4B-00C04F79EFBC}") = "ExemploWebAPI", "ExemploWebAPI.csproj", "{025DB37D-F6AC-4C1A-887E-B4A83699906D}"
EndProject
Global
	GlobalSection(SolutionConfigurationPlatforms) = preSolution
		Debug|Any CPU = Debug|Any CPU
		Release|Any CPU = Release|Any CPU
	EndGlobalSection
	GlobalSection(ProjectConfigurationPlatforms) = postSolution
		{025DB37D-F6AC-4C1A-887E-B4A83699906D}.Debug|Any CPU.ActiveCfg = Debug|Any CPU
		{025DB37D-F6AC-4C1A-887E-B4A83699906D}.Debug|Any CPU.Build.0 = Debug|Any CPU
		{025DB37D-F6AC-4C1A-887E-B4A83699906D}.Release|Any CPU.ActiveCfg = Release|Any CPU
		{025DB37D-F6AC-4C1A-887E-B4A83699906D}.Release|Any CPU.Build.0 = Release|Any CPU
	EndGlobalSection
	GlobalSection(SolutionProperties) = preSolution
		HideSolutionNode = FALSE
	EndGlobalSection
	GlobalSection(ExtensibilityGlobals) = postSolution
		SolutionGuid = {A84444C0-0003-47DD-AA44-B39B5F80D31B}
	EndGlobalSection
EndGlobal
